
Microsoft Visual Studio Solution File, Format Version 12.00
# Visual Studio 2013
VisualStudioVersion = 12.0.31101.0
MinimumVisualStudioVersion = 10.0.40219.1
Project("{FAE04EC0-301F-11D3-BF4B-00C04F79EFBC}") = "ModbusTcpIO", "ModbusTcpIO.csproj", "{9140DFC4-78E2-4CA3-81E9-875267E05EBE}"
EndProject
Project("{FAE04EC0-301F-11D3-BF4B-00C04F79EFBC}") = "WindowsFormsApplication1", "..\WindowsFormsApplication1\WindowsFormsApplication1.csproj", "{FD406139-D01E-43FD-859D-CFAE7D616876}"
EndProject
Global
	GlobalSection(SolutionConfigurationPlatforms) = preSolution
		Debug|Any CPU = Debug|Any CPU
		Release|Any CPU = Release|Any CPU
	EndGlobalSection
	GlobalSection(ProjectConfigurationPlatforms) = postSolution
		{9140DFC4-78E2-4CA3-81E9-875267E05EBE}.Debug|Any CPU.ActiveCfg = Debug|Any CPU
		{9140DFC4-78E2-4CA3-81E9-875267E05EBE}.Debug|Any CPU.Build.0 = Debug|Any CPU
		{9140DFC4-78E2-4CA3-81E9-875267E05EBE}.Release|Any CPU.ActiveCfg = Release|Any CPU
		{9140DFC4-78E2-4CA3-81E9-875267E05EBE}.Release|Any CPU.Build.0 = Release|Any CPU
		{FD406139-D01E-43FD-859D-CFAE7D616876}.Debug|Any CPU.ActiveCfg = Debug|Any CPU
		{FD406139-D01E-43FD-859D-CFAE7D616876}.Debug|Any CPU.Build.0 = Debug|Any CPU
		{FD406139-D01E-43FD-859D-CFAE7D616876}.Release|Any CPU.ActiveCfg = Release|Any CPU
		{FD406139-D01E-43FD-859D-CFAE7D616876}.Release|Any CPU.Build.0 = Release|Any CPU
	EndGlobalSection
	GlobalSection(SolutionProperties) = preSolution
		HideSolutionNode = FALSE
	EndGlobalSection
EndGlobal
