
Microsoft Visual Studio Solution File, Format Version 12.00
# Visual Studio 2013
VisualStudioVersion = 12.0.31101.0
MinimumVisualStudioVersion = 10.0.40219.1
Project("{FAE04EC0-301F-11D3-BF4B-00C04F79EFBC}") = "AppMachine", "AppMachine\AppMachine.csproj", "{2628FADA-47E6-448A-9E54-D39895946B12}"
EndProject
Project("{2150E333-8FDC-42A3-9474-1A3956D46DE8}") = "Core", "Core", "{BF3FCCB7-945F-4B50-A4E9-EF2071E95A80}"
EndProject
Project("{FAE04EC0-301F-11D3-BF4B-00C04F79EFBC}") = "MCore", "..\Core\MCore\MCore.csproj", "{030D34AC-C049-458E-B87F-CBA36EE2A23C}"
EndProject
Project("{FAE04EC0-301F-11D3-BF4B-00C04F79EFBC}") = "MDouble", "..\Core\MDouble\MDouble.csproj", "{1C2D95C3-15D2-445D-8F4E-6CE9A779CD84}"
EndProject
Project("{2150E333-8FDC-42A3-9474-1A3956D46DE8}") = "Controls", "Controls", "{ECD04219-DD0E-45AF-B0D6-0F9BBBB5B9DA}"
EndProject
Project("{2150E333-8FDC-42A3-9474-1A3956D46DE8}") = "Components", "Components", "{0DE04B77-3EBF-4C9A-9B1C-10577E9DF726}"
EndProject
Project("{FAE04EC0-301F-11D3-BF4B-00C04F79EFBC}") = "SMLib", "..\Components\SMLib\SMLib.csproj", "{4CDED7E6-374F-4B39-993C-E0E7599A079F}"
EndProject
Project("{FAE04EC0-301F-11D3-BF4B-00C04F79EFBC}") = "SMFlowChart", "..\Components\SMLib\SMFlowChart\SMFlowChart.csproj", "{6854FEC3-1AAE-42B8-A534-5B5985B0CC6E}"
EndProject
Project("{FAE04EC0-301F-11D3-BF4B-00C04F79EFBC}") = "VisionSystemBase", "..\Components\VisionSystems\VisionSystemBase\VisionSystemBase.csproj", "{72350174-C514-455A-8872-BFCFCD501390}"
EndProject
Project("{FAE04EC0-301F-11D3-BF4B-00C04F79EFBC}") = "IOSystemBase", "..\Components\IOSystems\IOSystemBase\IOSystemBase.csproj", "{98A92940-2AB7-47E0-873A-73D3246DD960}"
EndProject
Project("{FAE04EC0-301F-11D3-BF4B-00C04F79EFBC}") = "NRXFuncBase", "..\Components\XFuncSystems\NRXFuncBase\NRXFuncBase.csproj", "{8DD47255-705C-40B8-93CF-5A12EB77DDF1}"
EndProject
Project("{2150E333-8FDC-42A3-9474-1A3956D46DE8}") = "Plugin", "Plugin", "{9FB5C632-72A6-455B-88C9-F890637B9AD9}"
EndProject
Project("{FAE04EC0-301F-11D3-BF4B-00C04F79EFBC}") = "ModbusTcpIO", "..\Components\IOSystems\ModbusTcpIO\ModbusTcpIO.csproj", "{9140DFC4-78E2-4CA3-81E9-875267E05EBE}"
EndProject
Project("{FAE04EC0-301F-11D3-BF4B-00C04F79EFBC}") = "LogSystem", "..\Components\LogSystems\DefaultLogger\LogSystem.csproj", "{08F7D7AA-10F8-4C16-B505-2F2AA7E87E37}"
EndProject
Project("{FAE04EC0-301F-11D3-BF4B-00C04F79EFBC}") = "Geometry", "..\Components\Misc\Geometry\Geometry.csproj", "{5B10A0A7-141D-4D96-BBF2-BE45D135E4C0}"
EndProject
Project("{FAE04EC0-301F-11D3-BF4B-00C04F79EFBC}") = "MotionSystemBase", "..\Components\MotionSystems\MotionSystemBase\MotionSystemBase.csproj", "{A52E042E-EDBF-474C-86BF-CBFC1EBCE0F0}"
EndProject
Project("{FAE04EC0-301F-11D3-BF4B-00C04F79EFBC}") = "CommunicationBase", "..\Components\Communications\CommunicationBase\CommunicationBase.csproj", "{1FA80E64-1394-42F1-88E6-A4ADF533F49E}"
EndProject
Project("{FAE04EC0-301F-11D3-BF4B-00C04F79EFBC}") = "RS232", "..\Components\Communications\RS232\RS232.csproj", "{2BA38073-C5C6-4DFD-A2EA-15F00A956F5C}"
EndProject
Project("{FAE04EC0-301F-11D3-BF4B-00C04F79EFBC}") = "TCPIP", "..\Components\Communications\TCPIP\TCPIP.csproj", "{393CA60A-1633-4A23-801F-FBFF21866282}"
EndProject
Project("{FAE04EC0-301F-11D3-BF4B-00C04F79EFBC}") = "YamahaTrServo", "..\Components\MotionSystems\YamahaTrServo\YamahaTrServo.csproj", "{AF8BA396-E359-4592-B75A-D6B9D41F5123}"
EndProject
Project("{FAE04EC0-301F-11D3-BF4B-00C04F79EFBC}") = "IAIScon", "..\Components\MotionSystems\IAIScon\IAIScon.csproj", "{1C185586-CD57-46C7-A2B1-E24C5A44335F}"
EndProject
Project("{FAE04EC0-301F-11D3-BF4B-00C04F79EFBC}") = "YamahaRcx340", "..\Components\MotionSystems\YamahaRcx340\YamahaRcx340.csproj", "{56998795-D87E-451C-B079-05D706E728A2}"
EndProject
Project("{FAE04EC0-301F-11D3-BF4B-00C04F79EFBC}") = "Cognex9", "..\Components\VisionSystems\Cognex9.1_x64\Cognex9.csproj", "{0000FD7A-2B36-4312-AB55-0A74D082830F}"
EndProject
Project("{FAE04EC0-301F-11D3-BF4B-00C04F79EFBC}") = "CoolMuscle", "..\Components\MotionSystems\CoolMuscle\CoolMuscle.csproj", "{9200D829-1835-444C-9564-55BFE1013CB4}"
EndProject
Global
	GlobalSection(SolutionConfigurationPlatforms) = preSolution
		Debug|Any CPU = Debug|Any CPU
		Debug|x64 = Debug|x64
		Debug|x86 = Debug|x86
		Release|Any CPU = Release|Any CPU
		Release|x64 = Release|x64
		Release|x86 = Release|x86
		X86|Any CPU = X86|Any CPU
		X86|x64 = X86|x64
		X86|x86 = X86|x86
	EndGlobalSection
	GlobalSection(ProjectConfigurationPlatforms) = postSolution
		{2628FADA-47E6-448A-9E54-D39895946B12}.Debug|Any CPU.ActiveCfg = Debug|Any CPU
		{2628FADA-47E6-448A-9E54-D39895946B12}.Debug|Any CPU.Build.0 = Debug|Any CPU
		{2628FADA-47E6-448A-9E54-D39895946B12}.Debug|x64.ActiveCfg = Debug|Any CPU
		{2628FADA-47E6-448A-9E54-D39895946B12}.Debug|x86.ActiveCfg = Debug|Any CPU
		{2628FADA-47E6-448A-9E54-D39895946B12}.Release|Any CPU.ActiveCfg = Release|Any CPU
		{2628FADA-47E6-448A-9E54-D39895946B12}.Release|Any CPU.Build.0 = Release|Any CPU
		{2628FADA-47E6-448A-9E54-D39895946B12}.Release|x64.ActiveCfg = Release|Any CPU
		{2628FADA-47E6-448A-9E54-D39895946B12}.Release|x86.ActiveCfg = Release|Any CPU
		{2628FADA-47E6-448A-9E54-D39895946B12}.X86|Any CPU.ActiveCfg = Release|Any CPU
		{2628FADA-47E6-448A-9E54-D39895946B12}.X86|Any CPU.Build.0 = Release|Any CPU
		{2628FADA-47E6-448A-9E54-D39895946B12}.X86|x64.ActiveCfg = Release|Any CPU
		{2628FADA-47E6-448A-9E54-D39895946B12}.X86|x86.ActiveCfg = Release|Any CPU
		{030D34AC-C049-458E-B87F-CBA36EE2A23C}.Debug|Any CPU.ActiveCfg = Debug|Any CPU
		{030D34AC-C049-458E-B87F-CBA36EE2A23C}.Debug|Any CPU.Build.0 = Debug|Any CPU
		{030D34AC-C049-458E-B87F-CBA36EE2A23C}.Debug|x64.ActiveCfg = Debug|x64
		{030D34AC-C049-458E-B87F-CBA36EE2A23C}.Debug|x64.Build.0 = Debug|x64
		{030D34AC-C049-458E-B87F-CBA36EE2A23C}.Debug|x86.ActiveCfg = Debug|x86
		{030D34AC-C049-458E-B87F-CBA36EE2A23C}.Debug|x86.Build.0 = Debug|x86
		{030D34AC-C049-458E-B87F-CBA36EE2A23C}.Release|Any CPU.ActiveCfg = Release|Any CPU
		{030D34AC-C049-458E-B87F-CBA36EE2A23C}.Release|Any CPU.Build.0 = Release|Any CPU
		{030D34AC-C049-458E-B87F-CBA36EE2A23C}.Release|x64.ActiveCfg = Release|x64
		{030D34AC-C049-458E-B87F-CBA36EE2A23C}.Release|x64.Build.0 = Release|x64
		{030D34AC-C049-458E-B87F-CBA36EE2A23C}.Release|x86.ActiveCfg = Release|x86
		{030D34AC-C049-458E-B87F-CBA36EE2A23C}.Release|x86.Build.0 = Release|x86
		{030D34AC-C049-458E-B87F-CBA36EE2A23C}.X86|Any CPU.ActiveCfg = X86|Any CPU
		{030D34AC-C049-458E-B87F-CBA36EE2A23C}.X86|Any CPU.Build.0 = X86|Any CPU
		{030D34AC-C049-458E-B87F-CBA36EE2A23C}.X86|x64.ActiveCfg = X86|x64
		{030D34AC-C049-458E-B87F-CBA36EE2A23C}.X86|x64.Build.0 = X86|x64
		{030D34AC-C049-458E-B87F-CBA36EE2A23C}.X86|x86.ActiveCfg = X86|x86
		{030D34AC-C049-458E-B87F-CBA36EE2A23C}.X86|x86.Build.0 = X86|x86
		{1C2D95C3-15D2-445D-8F4E-6CE9A779CD84}.Debug|Any CPU.ActiveCfg = Debug|Any CPU
		{1C2D95C3-15D2-445D-8F4E-6CE9A779CD84}.Debug|Any CPU.Build.0 = Debug|Any CPU
		{1C2D95C3-15D2-445D-8F4E-6CE9A779CD84}.Debug|x64.ActiveCfg = Debug|x64
		{1C2D95C3-15D2-445D-8F4E-6CE9A779CD84}.Debug|x64.Build.0 = Debug|x64
		{1C2D95C3-15D2-445D-8F4E-6CE9A779CD84}.Debug|x86.ActiveCfg = Debug|x86
		{1C2D95C3-15D2-445D-8F4E-6CE9A779CD84}.Debug|x86.Build.0 = Debug|x86
		{1C2D95C3-15D2-445D-8F4E-6CE9A779CD84}.Release|Any CPU.ActiveCfg = Release|Any CPU
		{1C2D95C3-15D2-445D-8F4E-6CE9A779CD84}.Release|Any CPU.Build.0 = Release|Any CPU
		{1C2D95C3-15D2-445D-8F4E-6CE9A779CD84}.Release|x64.ActiveCfg = Release|x64
		{1C2D95C3-15D2-445D-8F4E-6CE9A779CD84}.Release|x64.Build.0 = Release|x64
		{1C2D95C3-15D2-445D-8F4E-6CE9A779CD84}.Release|x86.ActiveCfg = Release|x86
		{1C2D95C3-15D2-445D-8F4E-6CE9A779CD84}.Release|x86.Build.0 = Release|x86
		{1C2D95C3-15D2-445D-8F4E-6CE9A779CD84}.X86|Any CPU.ActiveCfg = Release|Any CPU
		{1C2D95C3-15D2-445D-8F4E-6CE9A779CD84}.X86|Any CPU.Build.0 = Release|Any CPU
		{1C2D95C3-15D2-445D-8F4E-6CE9A779CD84}.X86|x64.ActiveCfg = Release|x64
		{1C2D95C3-15D2-445D-8F4E-6CE9A779CD84}.X86|x64.Build.0 = Release|x64
		{1C2D95C3-15D2-445D-8F4E-6CE9A779CD84}.X86|x86.ActiveCfg = Release|x86
		{1C2D95C3-15D2-445D-8F4E-6CE9A779CD84}.X86|x86.Build.0 = Release|x86
		{4CDED7E6-374F-4B39-993C-E0E7599A079F}.Debug|Any CPU.ActiveCfg = Debug|Any CPU
		{4CDED7E6-374F-4B39-993C-E0E7599A079F}.Debug|Any CPU.Build.0 = Debug|Any CPU
		{4CDED7E6-374F-4B39-993C-E0E7599A079F}.Debug|x64.ActiveCfg = Debug|x64
		{4CDED7E6-374F-4B39-993C-E0E7599A079F}.Debug|x64.Build.0 = Debug|x64
		{4CDED7E6-374F-4B39-993C-E0E7599A079F}.Debug|x86.ActiveCfg = Debug|x86
		{4CDED7E6-374F-4B39-993C-E0E7599A079F}.Debug|x86.Build.0 = Debug|x86
		{4CDED7E6-374F-4B39-993C-E0E7599A079F}.Release|Any CPU.ActiveCfg = Release|Any CPU
		{4CDED7E6-374F-4B39-993C-E0E7599A079F}.Release|Any CPU.Build.0 = Release|Any CPU
		{4CDED7E6-374F-4B39-993C-E0E7599A079F}.Release|x64.ActiveCfg = Release|x64
		{4CDED7E6-374F-4B39-993C-E0E7599A079F}.Release|x64.Build.0 = Release|x64
		{4CDED7E6-374F-4B39-993C-E0E7599A079F}.Release|x86.ActiveCfg = Release|x86
		{4CDED7E6-374F-4B39-993C-E0E7599A079F}.Release|x86.Build.0 = Release|x86
		{4CDED7E6-374F-4B39-993C-E0E7599A079F}.X86|Any CPU.ActiveCfg = Release|Any CPU
		{4CDED7E6-374F-4B39-993C-E0E7599A079F}.X86|Any CPU.Build.0 = Release|Any CPU
		{4CDED7E6-374F-4B39-993C-E0E7599A079F}.X86|x64.ActiveCfg = Release|x64
		{4CDED7E6-374F-4B39-993C-E0E7599A079F}.X86|x64.Build.0 = Release|x64
		{4CDED7E6-374F-4B39-993C-E0E7599A079F}.X86|x86.ActiveCfg = Release|x86
		{4CDED7E6-374F-4B39-993C-E0E7599A079F}.X86|x86.Build.0 = Release|x86
		{6854FEC3-1AAE-42B8-A534-5B5985B0CC6E}.Debug|Any CPU.ActiveCfg = Debug|Any CPU
		{6854FEC3-1AAE-42B8-A534-5B5985B0CC6E}.Debug|Any CPU.Build.0 = Debug|Any CPU
		{6854FEC3-1AAE-42B8-A534-5B5985B0CC6E}.Debug|x64.ActiveCfg = Debug|x64
		{6854FEC3-1AAE-42B8-A534-5B5985B0CC6E}.Debug|x64.Build.0 = Debug|x64
		{6854FEC3-1AAE-42B8-A534-5B5985B0CC6E}.Debug|x86.ActiveCfg = Debug|x86
		{6854FEC3-1AAE-42B8-A534-5B5985B0CC6E}.Debug|x86.Build.0 = Debug|x86
		{6854FEC3-1AAE-42B8-A534-5B5985B0CC6E}.Release|Any CPU.ActiveCfg = Release|Any CPU
		{6854FEC3-1AAE-42B8-A534-5B5985B0CC6E}.Release|Any CPU.Build.0 = Release|Any CPU
		{6854FEC3-1AAE-42B8-A534-5B5985B0CC6E}.Release|x64.ActiveCfg = Release|x64
		{6854FEC3-1AAE-42B8-A534-5B5985B0CC6E}.Release|x64.Build.0 = Release|x64
		{6854FEC3-1AAE-42B8-A534-5B5985B0CC6E}.Release|x86.ActiveCfg = Release|x86
		{6854FEC3-1AAE-42B8-A534-5B5985B0CC6E}.Release|x86.Build.0 = Release|x86
		{6854FEC3-1AAE-42B8-A534-5B5985B0CC6E}.X86|Any CPU.ActiveCfg = X86|Any CPU
		{6854FEC3-1AAE-42B8-A534-5B5985B0CC6E}.X86|Any CPU.Build.0 = X86|Any CPU
		{6854FEC3-1AAE-42B8-A534-5B5985B0CC6E}.X86|x64.ActiveCfg = X86|x64
		{6854FEC3-1AAE-42B8-A534-5B5985B0CC6E}.X86|x64.Build.0 = X86|x64
		{6854FEC3-1AAE-42B8-A534-5B5985B0CC6E}.X86|x86.ActiveCfg = X86|x86
		{6854FEC3-1AAE-42B8-A534-5B5985B0CC6E}.X86|x86.Build.0 = X86|x86
		{72350174-C514-455A-8872-BFCFCD501390}.Debug|Any CPU.ActiveCfg = Debug|Any CPU
		{72350174-C514-455A-8872-BFCFCD501390}.Debug|Any CPU.Build.0 = Debug|Any CPU
		{72350174-C514-455A-8872-BFCFCD501390}.Debug|x64.ActiveCfg = Debug|x64
		{72350174-C514-455A-8872-BFCFCD501390}.Debug|x64.Build.0 = Debug|x64
		{72350174-C514-455A-8872-BFCFCD501390}.Debug|x86.ActiveCfg = Debug|x86
		{72350174-C514-455A-8872-BFCFCD501390}.Debug|x86.Build.0 = Debug|x86
		{72350174-C514-455A-8872-BFCFCD501390}.Release|Any CPU.ActiveCfg = Release|Any CPU
		{72350174-C514-455A-8872-BFCFCD501390}.Release|Any CPU.Build.0 = Release|Any CPU
		{72350174-C514-455A-8872-BFCFCD501390}.Release|x64.ActiveCfg = Release|x64
		{72350174-C514-455A-8872-BFCFCD501390}.Release|x64.Build.0 = Release|x64
		{72350174-C514-455A-8872-BFCFCD501390}.Release|x86.ActiveCfg = Release|x86
		{72350174-C514-455A-8872-BFCFCD501390}.Release|x86.Build.0 = Release|x86
		{72350174-C514-455A-8872-BFCFCD501390}.X86|Any CPU.ActiveCfg = Release|Any CPU
		{72350174-C514-455A-8872-BFCFCD501390}.X86|Any CPU.Build.0 = Release|Any CPU
		{72350174-C514-455A-8872-BFCFCD501390}.X86|x64.ActiveCfg = Release|x64
		{72350174-C514-455A-8872-BFCFCD501390}.X86|x64.Build.0 = Release|x64
		{72350174-C514-455A-8872-BFCFCD501390}.X86|x86.ActiveCfg = Release|x86
		{72350174-C514-455A-8872-BFCFCD501390}.X86|x86.Build.0 = Release|x86
		{98A92940-2AB7-47E0-873A-73D3246DD960}.Debug|Any CPU.ActiveCfg = Debug|Any CPU
		{98A92940-2AB7-47E0-873A-73D3246DD960}.Debug|Any CPU.Build.0 = Debug|Any CPU
		{98A92940-2AB7-47E0-873A-73D3246DD960}.Debug|x64.ActiveCfg = Debug|x64
		{98A92940-2AB7-47E0-873A-73D3246DD960}.Debug|x64.Build.0 = Debug|x64
		{98A92940-2AB7-47E0-873A-73D3246DD960}.Debug|x86.ActiveCfg = Debug|x86
		{98A92940-2AB7-47E0-873A-73D3246DD960}.Debug|x86.Build.0 = Debug|x86
		{98A92940-2AB7-47E0-873A-73D3246DD960}.Release|Any CPU.ActiveCfg = Release|Any CPU
		{98A92940-2AB7-47E0-873A-73D3246DD960}.Release|Any CPU.Build.0 = Release|Any CPU
		{98A92940-2AB7-47E0-873A-73D3246DD960}.Release|x64.ActiveCfg = Release|x64
		{98A92940-2AB7-47E0-873A-73D3246DD960}.Release|x64.Build.0 = Release|x64
		{98A92940-2AB7-47E0-873A-73D3246DD960}.Release|x86.ActiveCfg = Release|x86
		{98A92940-2AB7-47E0-873A-73D3246DD960}.Release|x86.Build.0 = Release|x86
		{98A92940-2AB7-47E0-873A-73D3246DD960}.X86|Any CPU.ActiveCfg = X86|Any CPU
		{98A92940-2AB7-47E0-873A-73D3246DD960}.X86|Any CPU.Build.0 = X86|Any CPU
		{98A92940-2AB7-47E0-873A-73D3246DD960}.X86|x64.ActiveCfg = X86|x64
		{98A92940-2AB7-47E0-873A-73D3246DD960}.X86|x64.Build.0 = X86|x64
		{98A92940-2AB7-47E0-873A-73D3246DD960}.X86|x86.ActiveCfg = X86|x86
		{98A92940-2AB7-47E0-873A-73D3246DD960}.X86|x86.Build.0 = X86|x86
		{8DD47255-705C-40B8-93CF-5A12EB77DDF1}.Debug|Any CPU.ActiveCfg = Debug|Any CPU
		{8DD47255-705C-40B8-93CF-5A12EB77DDF1}.Debug|Any CPU.Build.0 = Debug|Any CPU
		{8DD47255-705C-40B8-93CF-5A12EB77DDF1}.Debug|x64.ActiveCfg = Debug|x64
		{8DD47255-705C-40B8-93CF-5A12EB77DDF1}.Debug|x64.Build.0 = Debug|x64
		{8DD47255-705C-40B8-93CF-5A12EB77DDF1}.Debug|x86.ActiveCfg = Debug|x86
		{8DD47255-705C-40B8-93CF-5A12EB77DDF1}.Debug|x86.Build.0 = Debug|x86
		{8DD47255-705C-40B8-93CF-5A12EB77DDF1}.Release|Any CPU.ActiveCfg = Release|Any CPU
		{8DD47255-705C-40B8-93CF-5A12EB77DDF1}.Release|Any CPU.Build.0 = Release|Any CPU
		{8DD47255-705C-40B8-93CF-5A12EB77DDF1}.Release|x64.ActiveCfg = Release|x64
		{8DD47255-705C-40B8-93CF-5A12EB77DDF1}.Release|x64.Build.0 = Release|x64
		{8DD47255-705C-40B8-93CF-5A12EB77DDF1}.Release|x86.ActiveCfg = Release|x86
		{8DD47255-705C-40B8-93CF-5A12EB77DDF1}.Release|x86.Build.0 = Release|x86
		{8DD47255-705C-40B8-93CF-5A12EB77DDF1}.X86|Any CPU.ActiveCfg = Release|Any CPU
		{8DD47255-705C-40B8-93CF-5A12EB77DDF1}.X86|Any CPU.Build.0 = Release|Any CPU
		{8DD47255-705C-40B8-93CF-5A12EB77DDF1}.X86|x64.ActiveCfg = Release|x64
		{8DD47255-705C-40B8-93CF-5A12EB77DDF1}.X86|x64.Build.0 = Release|x64
		{8DD47255-705C-40B8-93CF-5A12EB77DDF1}.X86|x86.ActiveCfg = Release|x86
		{8DD47255-705C-40B8-93CF-5A12EB77DDF1}.X86|x86.Build.0 = Release|x86
		{9140DFC4-78E2-4CA3-81E9-875267E05EBE}.Debug|Any CPU.ActiveCfg = Debug|Any CPU
		{9140DFC4-78E2-4CA3-81E9-875267E05EBE}.Debug|x64.ActiveCfg = Debug|Any CPU
		{9140DFC4-78E2-4CA3-81E9-875267E05EBE}.Debug|x86.ActiveCfg = Debug|Any CPU
		{9140DFC4-78E2-4CA3-81E9-875267E05EBE}.Release|Any CPU.ActiveCfg = Release|Any CPU
		{9140DFC4-78E2-4CA3-81E9-875267E05EBE}.Release|Any CPU.Build.0 = Release|Any CPU
		{9140DFC4-78E2-4CA3-81E9-875267E05EBE}.Release|x64.ActiveCfg = Release|Any CPU
		{9140DFC4-78E2-4CA3-81E9-875267E05EBE}.Release|x86.ActiveCfg = Release|Any CPU
		{9140DFC4-78E2-4CA3-81E9-875267E05EBE}.X86|Any CPU.ActiveCfg = Release|Any CPU
		{9140DFC4-78E2-4CA3-81E9-875267E05EBE}.X86|Any CPU.Build.0 = Release|Any CPU
		{9140DFC4-78E2-4CA3-81E9-875267E05EBE}.X86|x64.ActiveCfg = Release|Any CPU
		{9140DFC4-78E2-4CA3-81E9-875267E05EBE}.X86|x86.ActiveCfg = Release|Any CPU
		{08F7D7AA-10F8-4C16-B505-2F2AA7E87E37}.Debug|Any CPU.ActiveCfg = Debug|Any CPU
		{08F7D7AA-10F8-4C16-B505-2F2AA7E87E37}.Debug|Any CPU.Build.0 = Debug|Any CPU
		{08F7D7AA-10F8-4C16-B505-2F2AA7E87E37}.Debug|x64.ActiveCfg = Debug|x64
		{08F7D7AA-10F8-4C16-B505-2F2AA7E87E37}.Debug|x64.Build.0 = Debug|x64
		{08F7D7AA-10F8-4C16-B505-2F2AA7E87E37}.Debug|x86.ActiveCfg = Debug|x86
		{08F7D7AA-10F8-4C16-B505-2F2AA7E87E37}.Debug|x86.Build.0 = Debug|x86
		{08F7D7AA-10F8-4C16-B505-2F2AA7E87E37}.Release|Any CPU.ActiveCfg = Release|Any CPU
		{08F7D7AA-10F8-4C16-B505-2F2AA7E87E37}.Release|Any CPU.Build.0 = Release|Any CPU
		{08F7D7AA-10F8-4C16-B505-2F2AA7E87E37}.Release|x64.ActiveCfg = Release|x64
		{08F7D7AA-10F8-4C16-B505-2F2AA7E87E37}.Release|x64.Build.0 = Release|x64
		{08F7D7AA-10F8-4C16-B505-2F2AA7E87E37}.Release|x86.ActiveCfg = Release|x86
		{08F7D7AA-10F8-4C16-B505-2F2AA7E87E37}.Release|x86.Build.0 = Release|x86
		{08F7D7AA-10F8-4C16-B505-2F2AA7E87E37}.X86|Any CPU.ActiveCfg = Release|Any CPU
		{08F7D7AA-10F8-4C16-B505-2F2AA7E87E37}.X86|Any CPU.Build.0 = Release|Any CPU
		{08F7D7AA-10F8-4C16-B505-2F2AA7E87E37}.X86|x64.ActiveCfg = Release|x64
		{08F7D7AA-10F8-4C16-B505-2F2AA7E87E37}.X86|x64.Build.0 = Release|x64
		{08F7D7AA-10F8-4C16-B505-2F2AA7E87E37}.X86|x86.ActiveCfg = Release|x86
		{08F7D7AA-10F8-4C16-B505-2F2AA7E87E37}.X86|x86.Build.0 = Release|x86
		{5B10A0A7-141D-4D96-BBF2-BE45D135E4C0}.Debug|Any CPU.ActiveCfg = Debug|Any CPU
		{5B10A0A7-141D-4D96-BBF2-BE45D135E4C0}.Debug|Any CPU.Build.0 = Debug|Any CPU
		{5B10A0A7-141D-4D96-BBF2-BE45D135E4C0}.Debug|x64.ActiveCfg = Debug|x64
		{5B10A0A7-141D-4D96-BBF2-BE45D135E4C0}.Debug|x64.Build.0 = Debug|x64
		{5B10A0A7-141D-4D96-BBF2-BE45D135E4C0}.Debug|x86.ActiveCfg = Debug|x86
		{5B10A0A7-141D-4D96-BBF2-BE45D135E4C0}.Debug|x86.Build.0 = Debug|x86
		{5B10A0A7-141D-4D96-BBF2-BE45D135E4C0}.Release|Any CPU.ActiveCfg = Release|Any CPU
		{5B10A0A7-141D-4D96-BBF2-BE45D135E4C0}.Release|Any CPU.Build.0 = Release|Any CPU
		{5B10A0A7-141D-4D96-BBF2-BE45D135E4C0}.Release|x64.ActiveCfg = Release|x64
		{5B10A0A7-141D-4D96-BBF2-BE45D135E4C0}.Release|x64.Build.0 = Release|x64
		{5B10A0A7-141D-4D96-BBF2-BE45D135E4C0}.Release|x86.ActiveCfg = Release|x86
		{5B10A0A7-141D-4D96-BBF2-BE45D135E4C0}.Release|x86.Build.0 = Release|x86
		{5B10A0A7-141D-4D96-BBF2-BE45D135E4C0}.X86|Any CPU.ActiveCfg = Release|Any CPU
		{5B10A0A7-141D-4D96-BBF2-BE45D135E4C0}.X86|Any CPU.Build.0 = Release|Any CPU
		{5B10A0A7-141D-4D96-BBF2-BE45D135E4C0}.X86|x64.ActiveCfg = Release|x64
		{5B10A0A7-141D-4D96-BBF2-BE45D135E4C0}.X86|x64.Build.0 = Release|x64
		{5B10A0A7-141D-4D96-BBF2-BE45D135E4C0}.X86|x86.ActiveCfg = Release|x86
		{5B10A0A7-141D-4D96-BBF2-BE45D135E4C0}.X86|x86.Build.0 = Release|x86
		{A52E042E-EDBF-474C-86BF-CBFC1EBCE0F0}.Debug|Any CPU.ActiveCfg = Debug|Any CPU
		{A52E042E-EDBF-474C-86BF-CBFC1EBCE0F0}.Debug|Any CPU.Build.0 = Debug|Any CPU
		{A52E042E-EDBF-474C-86BF-CBFC1EBCE0F0}.Debug|x64.ActiveCfg = Debug|x64
		{A52E042E-EDBF-474C-86BF-CBFC1EBCE0F0}.Debug|x64.Build.0 = Debug|x64
		{A52E042E-EDBF-474C-86BF-CBFC1EBCE0F0}.Debug|x86.ActiveCfg = Debug|x86
		{A52E042E-EDBF-474C-86BF-CBFC1EBCE0F0}.Debug|x86.Build.0 = Debug|x86
		{A52E042E-EDBF-474C-86BF-CBFC1EBCE0F0}.Release|Any CPU.ActiveCfg = Release|Any CPU
		{A52E042E-EDBF-474C-86BF-CBFC1EBCE0F0}.Release|Any CPU.Build.0 = Release|Any CPU
		{A52E042E-EDBF-474C-86BF-CBFC1EBCE0F0}.Release|x64.ActiveCfg = Release|x64
		{A52E042E-EDBF-474C-86BF-CBFC1EBCE0F0}.Release|x64.Build.0 = Release|x64
		{A52E042E-EDBF-474C-86BF-CBFC1EBCE0F0}.Release|x86.ActiveCfg = Release|x86
		{A52E042E-EDBF-474C-86BF-CBFC1EBCE0F0}.Release|x86.Build.0 = Release|x86
		{A52E042E-EDBF-474C-86BF-CBFC1EBCE0F0}.X86|Any CPU.ActiveCfg = X86|Any CPU
		{A52E042E-EDBF-474C-86BF-CBFC1EBCE0F0}.X86|Any CPU.Build.0 = X86|Any CPU
		{A52E042E-EDBF-474C-86BF-CBFC1EBCE0F0}.X86|x64.ActiveCfg = X86|x64
		{A52E042E-EDBF-474C-86BF-CBFC1EBCE0F0}.X86|x64.Build.0 = X86|x64
		{A52E042E-EDBF-474C-86BF-CBFC1EBCE0F0}.X86|x86.ActiveCfg = X86|x86
		{A52E042E-EDBF-474C-86BF-CBFC1EBCE0F0}.X86|x86.Build.0 = X86|x86
		{1FA80E64-1394-42F1-88E6-A4ADF533F49E}.Debug|Any CPU.ActiveCfg = Debug|Any CPU
		{1FA80E64-1394-42F1-88E6-A4ADF533F49E}.Debug|Any CPU.Build.0 = Debug|Any CPU
		{1FA80E64-1394-42F1-88E6-A4ADF533F49E}.Debug|x64.ActiveCfg = Debug|x64
		{1FA80E64-1394-42F1-88E6-A4ADF533F49E}.Debug|x64.Build.0 = Debug|x64
		{1FA80E64-1394-42F1-88E6-A4ADF533F49E}.Debug|x86.ActiveCfg = Debug|x86
		{1FA80E64-1394-42F1-88E6-A4ADF533F49E}.Debug|x86.Build.0 = Debug|x86
		{1FA80E64-1394-42F1-88E6-A4ADF533F49E}.Release|Any CPU.ActiveCfg = Release|Any CPU
		{1FA80E64-1394-42F1-88E6-A4ADF533F49E}.Release|Any CPU.Build.0 = Release|Any CPU
		{1FA80E64-1394-42F1-88E6-A4ADF533F49E}.Release|x64.ActiveCfg = Release|x64
		{1FA80E64-1394-42F1-88E6-A4ADF533F49E}.Release|x64.Build.0 = Release|x64
		{1FA80E64-1394-42F1-88E6-A4ADF533F49E}.Release|x86.ActiveCfg = Release|x86
		{1FA80E64-1394-42F1-88E6-A4ADF533F49E}.Release|x86.Build.0 = Release|x86
		{1FA80E64-1394-42F1-88E6-A4ADF533F49E}.X86|Any CPU.ActiveCfg = Release|Any CPU
		{1FA80E64-1394-42F1-88E6-A4ADF533F49E}.X86|Any CPU.Build.0 = Release|Any CPU
		{1FA80E64-1394-42F1-88E6-A4ADF533F49E}.X86|x64.ActiveCfg = Release|x64
		{1FA80E64-1394-42F1-88E6-A4ADF533F49E}.X86|x64.Build.0 = Release|x64
		{1FA80E64-1394-42F1-88E6-A4ADF533F49E}.X86|x86.ActiveCfg = Release|x86
		{1FA80E64-1394-42F1-88E6-A4ADF533F49E}.X86|x86.Build.0 = Release|x86
		{2BA38073-C5C6-4DFD-A2EA-15F00A956F5C}.Debug|Any CPU.ActiveCfg = Debug|Any CPU
		{2BA38073-C5C6-4DFD-A2EA-15F00A956F5C}.Debug|Any CPU.Build.0 = Debug|Any CPU
		{2BA38073-C5C6-4DFD-A2EA-15F00A956F5C}.Debug|x64.ActiveCfg = Debug|x64
		{2BA38073-C5C6-4DFD-A2EA-15F00A956F5C}.Debug|x64.Build.0 = Debug|x64
		{2BA38073-C5C6-4DFD-A2EA-15F00A956F5C}.Debug|x86.ActiveCfg = Debug|x86
		{2BA38073-C5C6-4DFD-A2EA-15F00A956F5C}.Debug|x86.Build.0 = Debug|x86
		{2BA38073-C5C6-4DFD-A2EA-15F00A956F5C}.Release|Any CPU.ActiveCfg = Release|Any CPU
		{2BA38073-C5C6-4DFD-A2EA-15F00A956F5C}.Release|Any CPU.Build.0 = Release|Any CPU
		{2BA38073-C5C6-4DFD-A2EA-15F00A956F5C}.Release|x64.ActiveCfg = Release|x64
		{2BA38073-C5C6-4DFD-A2EA-15F00A956F5C}.Release|x64.Build.0 = Release|x64
		{2BA38073-C5C6-4DFD-A2EA-15F00A956F5C}.Release|x86.ActiveCfg = Release|x86
		{2BA38073-C5C6-4DFD-A2EA-15F00A956F5C}.Release|x86.Build.0 = Release|x86
		{2BA38073-C5C6-4DFD-A2EA-15F00A956F5C}.X86|Any CPU.ActiveCfg = Release|Any CPU
		{2BA38073-C5C6-4DFD-A2EA-15F00A956F5C}.X86|Any CPU.Build.0 = Release|Any CPU
		{2BA38073-C5C6-4DFD-A2EA-15F00A956F5C}.X86|x64.ActiveCfg = Release|x64
		{2BA38073-C5C6-4DFD-A2EA-15F00A956F5C}.X86|x64.Build.0 = Release|x64
		{2BA38073-C5C6-4DFD-A2EA-15F00A956F5C}.X86|x86.ActiveCfg = Release|x86
		{2BA38073-C5C6-4DFD-A2EA-15F00A956F5C}.X86|x86.Build.0 = Release|x86
		{393CA60A-1633-4A23-801F-FBFF21866282}.Debug|Any CPU.ActiveCfg = Debug|Any CPU
		{393CA60A-1633-4A23-801F-FBFF21866282}.Debug|Any CPU.Build.0 = Debug|Any CPU
		{393CA60A-1633-4A23-801F-FBFF21866282}.Debug|x64.ActiveCfg = Debug|x64
		{393CA60A-1633-4A23-801F-FBFF21866282}.Debug|x64.Build.0 = Debug|x64
		{393CA60A-1633-4A23-801F-FBFF21866282}.Debug|x86.ActiveCfg = Debug|x86
		{393CA60A-1633-4A23-801F-FBFF21866282}.Debug|x86.Build.0 = Debug|x86
		{393CA60A-1633-4A23-801F-FBFF21866282}.Release|Any CPU.ActiveCfg = Release|Any CPU
		{393CA60A-1633-4A23-801F-FBFF21866282}.Release|Any CPU.Build.0 = Release|Any CPU
		{393CA60A-1633-4A23-801F-FBFF21866282}.Release|x64.ActiveCfg = Release|x64
		{393CA60A-1633-4A23-801F-FBFF21866282}.Release|x64.Build.0 = Release|x64
		{393CA60A-1633-4A23-801F-FBFF21866282}.Release|x86.ActiveCfg = Release|x86
		{393CA60A-1633-4A23-801F-FBFF21866282}.Release|x86.Build.0 = Release|x86
		{393CA60A-1633-4A23-801F-FBFF21866282}.X86|Any CPU.ActiveCfg = Release|Any CPU
		{393CA60A-1633-4A23-801F-FBFF21866282}.X86|Any CPU.Build.0 = Release|Any CPU
		{393CA60A-1633-4A23-801F-FBFF21866282}.X86|x64.ActiveCfg = Release|x64
		{393CA60A-1633-4A23-801F-FBFF21866282}.X86|x64.Build.0 = Release|x64
		{393CA60A-1633-4A23-801F-FBFF21866282}.X86|x86.ActiveCfg = Release|x86
		{393CA60A-1633-4A23-801F-FBFF21866282}.X86|x86.Build.0 = Release|x86
		{AF8BA396-E359-4592-B75A-D6B9D41F5123}.Debug|Any CPU.ActiveCfg = Debug|Any CPU
		{AF8BA396-E359-4592-B75A-D6B9D41F5123}.Debug|x64.ActiveCfg = Debug|Any CPU
		{AF8BA396-E359-4592-B75A-D6B9D41F5123}.Debug|x86.ActiveCfg = Debug|Any CPU
		{AF8BA396-E359-4592-B75A-D6B9D41F5123}.Release|Any CPU.ActiveCfg = Release|Any CPU
		{AF8BA396-E359-4592-B75A-D6B9D41F5123}.Release|Any CPU.Build.0 = Release|Any CPU
		{AF8BA396-E359-4592-B75A-D6B9D41F5123}.Release|x64.ActiveCfg = Release|Any CPU
		{AF8BA396-E359-4592-B75A-D6B9D41F5123}.Release|x86.ActiveCfg = Release|Any CPU
		{AF8BA396-E359-4592-B75A-D6B9D41F5123}.X86|Any CPU.ActiveCfg = Release|Any CPU
		{AF8BA396-E359-4592-B75A-D6B9D41F5123}.X86|Any CPU.Build.0 = Release|Any CPU
		{AF8BA396-E359-4592-B75A-D6B9D41F5123}.X86|x64.ActiveCfg = Release|Any CPU
		{AF8BA396-E359-4592-B75A-D6B9D41F5123}.X86|x86.ActiveCfg = Release|Any CPU
		{1C185586-CD57-46C7-A2B1-E24C5A44335F}.Debug|Any CPU.ActiveCfg = Debug|Any CPU
		{1C185586-CD57-46C7-A2B1-E24C5A44335F}.Debug|x64.ActiveCfg = Debug|Any CPU
		{1C185586-CD57-46C7-A2B1-E24C5A44335F}.Debug|x86.ActiveCfg = Debug|Any CPU
		{1C185586-CD57-46C7-A2B1-E24C5A44335F}.Release|Any CPU.ActiveCfg = Release|Any CPU
		{1C185586-CD57-46C7-A2B1-E24C5A44335F}.Release|Any CPU.Build.0 = Release|Any CPU
		{1C185586-CD57-46C7-A2B1-E24C5A44335F}.Release|x64.ActiveCfg = Release|Any CPU
		{1C185586-CD57-46C7-A2B1-E24C5A44335F}.Release|x86.ActiveCfg = Release|Any CPU
		{1C185586-CD57-46C7-A2B1-E24C5A44335F}.X86|Any CPU.ActiveCfg = Release|Any CPU
		{1C185586-CD57-46C7-A2B1-E24C5A44335F}.X86|Any CPU.Build.0 = Release|Any CPU
		{1C185586-CD57-46C7-A2B1-E24C5A44335F}.X86|x64.ActiveCfg = Release|Any CPU
		{1C185586-CD57-46C7-A2B1-E24C5A44335F}.X86|x86.ActiveCfg = Release|Any CPU
		{56998795-D87E-451C-B079-05D706E728A2}.Debug|Any CPU.ActiveCfg = Debug|Any CPU
		{56998795-D87E-451C-B079-05D706E728A2}.Debug|x64.ActiveCfg = Debug|Any CPU
		{56998795-D87E-451C-B079-05D706E728A2}.Debug|x86.ActiveCfg = Debug|Any CPU
		{56998795-D87E-451C-B079-05D706E728A2}.Release|Any CPU.ActiveCfg = Release|Any CPU
		{56998795-D87E-451C-B079-05D706E728A2}.Release|Any CPU.Build.0 = Release|Any CPU
		{56998795-D87E-451C-B079-05D706E728A2}.Release|x64.ActiveCfg = Release|Any CPU
		{56998795-D87E-451C-B079-05D706E728A2}.Release|x86.ActiveCfg = Release|Any CPU
		{56998795-D87E-451C-B079-05D706E728A2}.X86|Any CPU.ActiveCfg = Release|Any CPU
		{56998795-D87E-451C-B079-05D706E728A2}.X86|Any CPU.Build.0 = Release|Any CPU
		{56998795-D87E-451C-B079-05D706E728A2}.X86|x64.ActiveCfg = Release|Any CPU
		{56998795-D87E-451C-B079-05D706E728A2}.X86|x86.ActiveCfg = Release|Any CPU
		{0000FD7A-2B36-4312-AB55-0A74D082830F}.Debug|Any CPU.ActiveCfg = Debug|Any CPU
		{0000FD7A-2B36-4312-AB55-0A74D082830F}.Debug|x64.ActiveCfg = Debug|x64
		{0000FD7A-2B36-4312-AB55-0A74D082830F}.Debug|x64.Build.0 = Debug|x64
		{0000FD7A-2B36-4312-AB55-0A74D082830F}.Debug|x86.ActiveCfg = Debug|x86
		{0000FD7A-2B36-4312-AB55-0A74D082830F}.Debug|x86.Build.0 = Debug|x86
		{0000FD7A-2B36-4312-AB55-0A74D082830F}.Release|Any CPU.ActiveCfg = Release|Any CPU
		{0000FD7A-2B36-4312-AB55-0A74D082830F}.Release|Any CPU.Build.0 = Release|Any CPU
		{0000FD7A-2B36-4312-AB55-0A74D082830F}.Release|x64.ActiveCfg = Release|x64
		{0000FD7A-2B36-4312-AB55-0A74D082830F}.Release|x64.Build.0 = Release|x64
		{0000FD7A-2B36-4312-AB55-0A74D082830F}.Release|x86.ActiveCfg = Release|x86
		{0000FD7A-2B36-4312-AB55-0A74D082830F}.Release|x86.Build.0 = Release|x86
		{0000FD7A-2B36-4312-AB55-0A74D082830F}.X86|Any CPU.ActiveCfg = Release|Any CPU
		{0000FD7A-2B36-4312-AB55-0A74D082830F}.X86|Any CPU.Build.0 = Release|Any CPU
		{0000FD7A-2B36-4312-AB55-0A74D082830F}.X86|x64.ActiveCfg = Release|x64
		{0000FD7A-2B36-4312-AB55-0A74D082830F}.X86|x64.Build.0 = Release|x64
		{0000FD7A-2B36-4312-AB55-0A74D082830F}.X86|x86.ActiveCfg = Release|x86
		{0000FD7A-2B36-4312-AB55-0A74D082830F}.X86|x86.Build.0 = Release|x86
		{9200D829-1835-444C-9564-55BFE1013CB4}.Debug|Any CPU.ActiveCfg = Debug|Any CPU
		{9200D829-1835-444C-9564-55BFE1013CB4}.Debug|Any CPU.Build.0 = Debug|Any CPU
		{9200D829-1835-444C-9564-55BFE1013CB4}.Debug|x64.ActiveCfg = Debug|Any CPU
		{9200D829-1835-444C-9564-55BFE1013CB4}.Debug|x86.ActiveCfg = Debug|Any CPU
		{9200D829-1835-444C-9564-55BFE1013CB4}.Release|Any CPU.ActiveCfg = Release|Any CPU
		{9200D829-1835-444C-9564-55BFE1013CB4}.Release|Any CPU.Build.0 = Release|Any CPU
		{9200D829-1835-444C-9564-55BFE1013CB4}.Release|x64.ActiveCfg = Release|Any CPU
		{9200D829-1835-444C-9564-55BFE1013CB4}.Release|x86.ActiveCfg = Release|Any CPU
		{9200D829-1835-444C-9564-55BFE1013CB4}.X86|Any CPU.ActiveCfg = Release|Any CPU
		{9200D829-1835-444C-9564-55BFE1013CB4}.X86|Any CPU.Build.0 = Release|Any CPU
		{9200D829-1835-444C-9564-55BFE1013CB4}.X86|x64.ActiveCfg = Release|Any CPU
		{9200D829-1835-444C-9564-55BFE1013CB4}.X86|x86.ActiveCfg = Release|Any CPU
	EndGlobalSection
	GlobalSection(SolutionProperties) = preSolution
		HideSolutionNode = FALSE
	EndGlobalSection
	GlobalSection(NestedProjects) = preSolution
		{030D34AC-C049-458E-B87F-CBA36EE2A23C} = {BF3FCCB7-945F-4B50-A4E9-EF2071E95A80}
		{1C2D95C3-15D2-445D-8F4E-6CE9A779CD84} = {BF3FCCB7-945F-4B50-A4E9-EF2071E95A80}
		{4CDED7E6-374F-4B39-993C-E0E7599A079F} = {0DE04B77-3EBF-4C9A-9B1C-10577E9DF726}
		{6854FEC3-1AAE-42B8-A534-5B5985B0CC6E} = {ECD04219-DD0E-45AF-B0D6-0F9BBBB5B9DA}
		{72350174-C514-455A-8872-BFCFCD501390} = {0DE04B77-3EBF-4C9A-9B1C-10577E9DF726}
		{98A92940-2AB7-47E0-873A-73D3246DD960} = {0DE04B77-3EBF-4C9A-9B1C-10577E9DF726}
		{8DD47255-705C-40B8-93CF-5A12EB77DDF1} = {0DE04B77-3EBF-4C9A-9B1C-10577E9DF726}
		{9140DFC4-78E2-4CA3-81E9-875267E05EBE} = {9FB5C632-72A6-455B-88C9-F890637B9AD9}
		{08F7D7AA-10F8-4C16-B505-2F2AA7E87E37} = {0DE04B77-3EBF-4C9A-9B1C-10577E9DF726}
		{5B10A0A7-141D-4D96-BBF2-BE45D135E4C0} = {0DE04B77-3EBF-4C9A-9B1C-10577E9DF726}
		{A52E042E-EDBF-474C-86BF-CBFC1EBCE0F0} = {0DE04B77-3EBF-4C9A-9B1C-10577E9DF726}
		{1FA80E64-1394-42F1-88E6-A4ADF533F49E} = {0DE04B77-3EBF-4C9A-9B1C-10577E9DF726}
		{2BA38073-C5C6-4DFD-A2EA-15F00A956F5C} = {0DE04B77-3EBF-4C9A-9B1C-10577E9DF726}
		{393CA60A-1633-4A23-801F-FBFF21866282} = {0DE04B77-3EBF-4C9A-9B1C-10577E9DF726}
		{AF8BA396-E359-4592-B75A-D6B9D41F5123} = {9FB5C632-72A6-455B-88C9-F890637B9AD9}
		{1C185586-CD57-46C7-A2B1-E24C5A44335F} = {9FB5C632-72A6-455B-88C9-F890637B9AD9}
		{56998795-D87E-451C-B079-05D706E728A2} = {9FB5C632-72A6-455B-88C9-F890637B9AD9}
		{0000FD7A-2B36-4312-AB55-0A74D082830F} = {9FB5C632-72A6-455B-88C9-F890637B9AD9}
		{9200D829-1835-444C-9564-55BFE1013CB4} = {9FB5C632-72A6-455B-88C9-F890637B9AD9}
	EndGlobalSection
EndGlobal
